# Generated by pub
# See https://dart.dev/tools/pub/glossary#lockfile
packages:
  _fe_analyzer_shared:
    dependency: transitive
    description:
      name: _fe_analyzer_shared
      sha256: c209688d9f5a5f26b2fb47a188131a6fb9e876ae9e47af3737c0b4f58a93470d
      url: "https://pub.dev"
    source: hosted
    version: "91.0.0"
  analyzer:
    dependency: transitive
    description:
      name: analyzer
      sha256: f51c8499b35f9b26820cfe914828a6a98a94efd5cc78b37bb7d03debae3a1d08
      url: "https://pub.dev"
    source: hosted
    version: "8.4.1"
  ansicolor:
    dependency: transitive
    description:
      name: ansicolor
      sha256: "50e982d500bc863e1d703448afdbf9e5a72eb48840a4f766fa361ffd6877055f"
      url: "https://pub.dev"
    source: hosted
    version: "2.0.3"
  archive:
    dependency: transitive
    description:
      name: archive
      sha256: "2fde1607386ab523f7a36bb3e7edb43bd58e6edaf2ffb29d8a6d578b297fdbbd"
      url: "https://pub.dev"
    source: hosted
    version: "4.0.7"
  args:
    dependency: transitive
    description:
      name: args
      sha256: d0481093c50b1da8910eb0bb301626d4d8eb7284aa739614d2b394ee09e3ea04
      url: "https://pub.dev"
    source: hosted
    version: "2.7.0"
  async:
    dependency: transitive
    description:
      name: async
      sha256: "758e6d74e971c3e5aceb4110bfd6698efc7f501675bcfe0c775459a8140750eb"
      url: "https://pub.dev"
    source: hosted
    version: "2.13.0"
  build_config:
    dependency: transitive
    description:
      name: build_config
      sha256: "4f64382b97504dc2fcdf487d5aae33418e08b4703fc21249e4db6d804a4d0187"
      url: "https://pub.dev"
    source: hosted
    version: "1.2.0"
  characters:
    dependency: transitive
    description:
      name: characters
      sha256: f71061c654a3380576a52b451dd5532377954cf9dbd272a78fc8479606670803
      url: "https://pub.dev"
    source: hosted
    version: "1.4.0"
  checked_yaml:
    dependency: transitive
    description:
      name: checked_yaml
      sha256: "959525d3162f249993882720d52b7e0c833978df229be20702b33d48d91de70f"
      url: "https://pub.dev"
    source: hosted
    version: "2.0.4"
  clock:
    dependency: transitive
    description:
      name: clock
      sha256: fddb70d9b5277016c77a80201021d40a2247104d9f4aa7bab7157b7e3f05b84b
      url: "https://pub.dev"
    source: hosted
    version: "1.1.2"
  collection:
    dependency: "direct main"
    description:
      name: collection
      sha256: "2f5709ae4d3d59dd8f7cd309b4e023046b57d8a6c82130785d2b0e5868084e76"
      url: "https://pub.dev"
    source: hosted
    version: "1.19.1"
  connectivity_plus:
    dependency: transitive
    description:
      name: connectivity_plus
      sha256: b5e72753cf63becce2c61fd04dfe0f1c430cc5278b53a1342dc5ad839eab29ec
      url: "https://pub.dev"
    source: hosted
    version: "6.1.5"
  connectivity_plus_platform_interface:
    dependency: transitive
    description:
      name: connectivity_plus_platform_interface
      sha256: "42657c1715d48b167930d5f34d00222ac100475f73d10162ddf43e714932f204"
      url: "https://pub.dev"
    source: hosted
    version: "2.0.1"
  convert:
    dependency: transitive
    description:
      name: convert
      sha256: b30acd5944035672bc15c6b7a8b47d773e41e2f17de064350988c5d02adb1c68
      url: "https://pub.dev"
    source: hosted
    version: "3.1.2"
  crypto:
    dependency: transitive
    description:
      name: crypto
      sha256: c8ea0233063ba03258fbcf2ca4d6dadfefe14f02fab57702265467a19f27fadf
      url: "https://pub.dev"
    source: hosted
    version: "3.0.7"
  csslib:
    dependency: transitive
    description:
      name: csslib
      sha256: "09bad715f418841f976c77db72d5398dc1253c21fb9c0c7f0b0b985860b2d58e"
      url: "https://pub.dev"
    source: hosted
    version: "1.0.2"
  dbus:
    dependency: transitive
    description:
      name: dbus
      sha256: "79e0c23480ff85dc68de79e2cd6334add97e48f7f4865d17686dd6ea81a47e8c"
      url: "https://pub.dev"
    source: hosted
    version: "0.7.11"
  dependency_validator:
    dependency: "direct dev"
    description:
      name: dependency_validator
      sha256: a5928c0e3773808027bdafeb13fb4be0e4fdd79819773ad3df34d0fcf42636f2
      url: "https://pub.dev"
    source: hosted
    version: "5.0.3"
  desktop_window:
    dependency: "direct main"
    description:
      name: desktop_window
      sha256: d0590e75a0a8f91245b439fb7f2bf0ebb62d9cd9fdc7aa0622a5d50615c46845
      url: "https://pub.dev"
    source: hosted
    version: "0.4.2"
  drop_cap_text:
    dependency: "direct main"
    description:
      path: "."
      ref: "feat/adapt-for-deprecations"
      resolved-ref: f9829062aefa2bea73e7ece99bf850f5d43259cc
      url: "https://github.com/parlough/drop_cap_text"
    source: git
    version: "1.2.0"
  equatable:
    dependency: "direct main"
    description:
      name: equatable
      sha256: "567c64b3cb4cf82397aac55f4f0cbd3ca20d77c6c03bedbc4ceaddc08904aef7"
      url: "https://pub.dev"
    source: hosted
    version: "2.0.7"
  extra_alignments:
    dependency: "direct main"
    description:
      name: extra_alignments
      sha256: cc0425d08b3f1b3404439da939593aa3b7931c6f7f251030632e14337bf79e00
      url: "https://pub.dev"
    source: hosted
    version: "1.0.0+1"
  ffi:
    dependency: transitive
    description:
      name: ffi
      sha256: "289279317b4b16eb2bb7e271abccd4bf84ec9bdcbe999e278a94b804f5630418"
      url: "https://pub.dev"
    source: hosted
    version: "2.1.4"
  file:
    dependency: transitive
    description:
      name: file
      sha256: a3b4f84adafef897088c160faf7dfffb7696046cb13ae90b508c2cbc95d3b8d4
      url: "https://pub.dev"
    source: hosted
    version: "7.0.1"
  flextras:
    dependency: "direct main"
    description:
      name: flextras
      sha256: e73b5c86dd9419569d2a48db470059b41b496012513e4e1bdc56ba2c661048d9
      url: "https://pub.dev"
    source: hosted
    version: "1.0.0"
  flutter:
    dependency: "direct main"
    description: flutter
    source: sdk
    version: "0.0.0"
  flutter_animate:
    dependency: "direct main"
    description:
      name: flutter_animate
      sha256: "7befe2d3252728afb77aecaaea1dec88a89d35b9b1d2eea6d04479e8af9117b5"
      url: "https://pub.dev"
    source: hosted
    version: "4.5.2"
  flutter_circular_text:
    dependency: "direct main"
    description:
      name: flutter_circular_text
      sha256: "8b7a090198dc5f8651d97584e02fc121b51e92f4e3141c147a63243401609021"
      url: "https://pub.dev"
    source: hosted
    version: "0.3.1"
  flutter_displaymode:
    dependency: "direct main"
    description:
      name: flutter_displaymode
      sha256: ecd44b1e902b0073b42ff5b55bf283f38e088270724cdbb7f7065ccf54aa60a8
      url: "https://pub.dev"
    source: hosted
    version: "0.7.0"
  flutter_lints:
    dependency: "direct dev"
    description:
      name: flutter_lints
      sha256: "3105dc8492f6183fb076ccf1f351ac3d60564bff92e20bfc4af9cc1651f4e7e1"
      url: "https://pub.dev"
    source: hosted
    version: "6.0.0"
  flutter_localizations:
    dependency: "direct main"
    description: flutter
    source: sdk
    version: "0.0.0"
  flutter_native_splash:
    dependency: "direct main"
    description:
      name: flutter_native_splash
      sha256: "4fb9f4113350d3a80841ce05ebf1976a36de622af7d19aca0ca9a9911c7ff002"
      url: "https://pub.dev"
    source: hosted
    version: "2.4.7"
  flutter_plugin_android_lifecycle:
    dependency: transitive
    description:
      name: flutter_plugin_android_lifecycle
      sha256: ee8068e0e1cd16c4a82714119918efdeed33b3ba7772c54b5d094ab53f9b7fd1
      url: "https://pub.dev"
    source: hosted
    version: "2.0.33"
  flutter_shaders:
    dependency: transitive
    description:
      name: flutter_shaders
      sha256: "34794acadd8275d971e02df03afee3dee0f98dbfb8c4837082ad0034f612a3e2"
      url: "https://pub.dev"
    source: hosted
    version: "0.1.3"
  flutter_staggered_grid_view:
    dependency: "direct main"
    description:
      name: flutter_staggered_grid_view
      sha256: "19e7abb550c96fbfeb546b23f3ff356ee7c59a019a651f8f102a4ba9b7349395"
      url: "https://pub.dev"
    source: hosted
    version: "0.7.0"
  flutter_svg:
    dependency: "direct main"
    description:
      name: flutter_svg
      sha256: "87fbd7c534435b6c5d9d98b01e1fd527812b82e68ddd8bd35fc45ed0fa8f0a95"
      url: "https://pub.dev"
    source: hosted
    version: "2.2.3"
  flutter_web_plugins:
    dependency: transitive
    description: flutter
    source: sdk
    version: "0.0.0"
  functional_listener:
    dependency: transitive
    description:
      name: functional_listener
      sha256: "026d1bd4f66367f11d9ec9f1f1ddb42b89e4484b356972c76d983266cf82f33f"
      url: "https://pub.dev"
    source: hosted
    version: "2.3.1"
  gap:
    dependency: "direct main"
    description:
      name: gap
      sha256: f19387d4e32f849394758b91377f9153a1b41d79513ef7668c088c77dbc6955d
      url: "https://pub.dev"
    source: hosted
    version: "3.0.1"
  get_it:
    dependency: "direct main"
    description:
      name: get_it
      sha256: d85128a5dae4ea777324730dc65edd9c9f43155c109d5cc0a69cab74139fbac1
      url: "https://pub.dev"
    source: hosted
    version: "7.7.0"
  get_it_mixin:
    dependency: "direct main"
    description:
      name: get_it_mixin
      sha256: "0ab5c9f3cdaab813ec396de5d43ee3833c418424b3a99bec0071fcbf693c0bad"
      url: "https://pub.dev"
    source: hosted
    version: "4.2.2"
  glob:
    dependency: transitive
    description:
      name: glob
      sha256: c3f1ee72c96f8f78935e18aa8cecced9ab132419e8625dc187e1c2408efc20de
      url: "https://pub.dev"
    source: hosted
    version: "2.1.3"
  go_router:
    dependency: "direct main"
    description:
      name: go_router
      sha256: eff94d2a6fc79fa8b811dde79c7549808c2346037ee107a1121b4a644c745f2a
      url: "https://pub.dev"
    source: hosted
    version: "17.0.1"
  google_maps:
    dependency: transitive
    description:
      name: google_maps
      sha256: "5d410c32112d7c6eb7858d359275b2aa04778eed3e36c745aeae905fb2fa6468"
      url: "https://pub.dev"
    source: hosted
    version: "8.2.0"
  google_maps_flutter:
    dependency: "direct main"
    description:
      name: google_maps_flutter
      sha256: "819985697596a42e1054b5feb2f407ba1ac92262e02844a40168e742b9f36dca"
      url: "https://pub.dev"
    source: hosted
    version: "2.14.0"
  google_maps_flutter_android:
    dependency: transitive
    description:
      name: google_maps_flutter_android
      sha256: "3835f6ae5e8b8d4d454d913575069513c9f216e088b87aa5c18cb3610951c6b4"
      url: "https://pub.dev"
    source: hosted
    version: "2.18.6"
  google_maps_flutter_ios:
    dependency: transitive
    description:
      name: google_maps_flutter_ios
      sha256: "115b03c2e637e74d084a78c0e1faf42884fcd8e65d1a9ce58d909ca5493afa32"
      url: "https://pub.dev"
    source: hosted
    version: "2.15.7"
  google_maps_flutter_platform_interface:
    dependency: transitive
    description:
      name: google_maps_flutter_platform_interface
      sha256: e8b1232419fcdd35c1fdafff96843f5a40238480365599d8ca661dde96d283dd
      url: "https://pub.dev"
    source: hosted
    version: "2.14.1"
  google_maps_flutter_web:
    dependency: transitive
    description:
      name: google_maps_flutter_web
      sha256: d416602944e1859f3cbbaa53e34785c223fa0a11eddb34a913c964c5cbb5d8cf
      url: "https://pub.dev"
    source: hosted
    version: "0.5.14+3"
  home_widget:
    dependency: "direct main"
    description:
      name: home_widget
      sha256: "908d033514a981f829fd98213909e11a428104327be3b422718aa643ac9d084a"
      url: "https://pub.dev"
    source: hosted
    version: "0.8.1"
  html:
    dependency: transitive
    description:
      name: html
      sha256: "6d1264f2dffa1b1101c25a91dff0dc2daee4c18e87cd8538729773c073dbf602"
      url: "https://pub.dev"
    source: hosted
    version: "0.15.6"
  http:
    dependency: "direct main"
    description:
      name: http
      sha256: "87721a4a50b19c7f1d49001e51409bddc46303966ce89a65af4f4e6004896412"
      url: "https://pub.dev"
    source: hosted
    version: "1.6.0"
  http_parser:
    dependency: transitive
    description:
      name: http_parser
      sha256: "178d74305e7866013777bab2c3d8726205dc5a4dd935297175b19a23a2e66571"
      url: "https://pub.dev"
    source: hosted
    version: "4.1.2"
  icons_launcher:
    dependency: "direct dev"
    description:
      name: icons_launcher
      sha256: "6317d56a73ee528f1dd570d7cd7be120ce58014e0fe635d141ada3d88782f58d"
      url: "https://pub.dev"
    source: hosted
    version: "3.0.3"
  image:
    dependency: "direct main"
    description:
      name: image
      sha256: "48c11d0943b93b6fb29103d956ff89aafeae48f6058a3939649be2093dcff0bf"
      url: "https://pub.dev"
    source: hosted
    version: "4.7.1"
  image_fade:
    dependency: "direct main"
    description:
      name: image_fade
      sha256: "7296c9c53cd5de98e675ef1e27bdaa4035d6c3a45cf5b86094b2e545689b4ea6"
      url: "https://pub.dev"
    source: hosted
    version: "0.6.2"
  internet_connection_checker:
    dependency: "direct main"
    description:
      name: internet_connection_checker
      sha256: ee08f13d8b13b978affe226e9274ca3ba7a9bed07c9479e8ae245f785b7a488a
      url: "https://pub.dev"
    source: hosted
    version: "3.0.1"
  intl:
    dependency: "direct main"
    description:
      name: intl
      sha256: "3df61194eb431efc39c4ceba583b95633a403f46c9fd341e550ce0bfa50e9aa5"
      url: "https://pub.dev"
    source: hosted
    version: "0.20.2"
  io:
    dependency: transitive
    description:
      name: io
      sha256: dfd5a80599cf0165756e3181807ed3e77daf6dd4137caaad72d0b7931597650b
      url: "https://pub.dev"
    source: hosted
    version: "1.0.5"
  json_annotation:
    dependency: transitive
    description:
      name: json_annotation
      sha256: "1ce844379ca14835a50d2f019a3099f419082cfdd231cd86a142af94dd5c6bb1"
      url: "https://pub.dev"
    source: hosted
    version: "4.9.0"
  lints:
    dependency: transitive
    description:
      name: lints
      sha256: a5e2b223cb7c9c8efdc663ef484fdd95bb243bff242ef5b13e26883547fce9a0
      url: "https://pub.dev"
    source: hosted
    version: "6.0.0"
  logging:
    dependency: transitive
    description:
      name: logging
      sha256: c8245ada5f1717ed44271ed1c26b8ce85ca3228fd2ffdb75468ab01979309d61
      url: "https://pub.dev"
    source: hosted
    version: "1.3.0"
  material_color_utilities:
    dependency: transitive
    description:
      name: material_color_utilities
      sha256: f7142bb1154231d7ea5f96bc7bde4bda2a0945d2806bb11670e30b850d56bdec
      url: "https://pub.dev"
    source: hosted
    version: "0.11.1"
  meta:
    dependency: transitive
    description:
      name: meta
      sha256: "23f08335362185a5ea2ad3a4e597f1375e78bce8a040df5c600c8d3552ef2394"
      url: "https://pub.dev"
    source: hosted
    version: "1.17.0"
  nested:
    dependency: transitive
    description:
      name: nested
      sha256: "03bac4c528c64c95c722ec99280375a6f2fc708eec17c7b3f07253b626cd2a20"
      url: "https://pub.dev"
    source: hosted
    version: "1.0.0"
  nm:
    dependency: transitive
    description:
      name: nm
      sha256: "2c9aae4127bdc8993206464fcc063611e0e36e72018696cd9631023a31b24254"
      url: "https://pub.dev"
    source: hosted
    version: "0.5.0"
  package_config:
    dependency: transitive
    description:
      name: package_config
      sha256: f096c55ebb7deb7e384101542bfba8c52696c1b56fca2eb62827989ef2353bbc
      url: "https://pub.dev"
    source: hosted
    version: "2.2.0"
  package_info_plus:
    dependency: "direct main"
    description:
      name: package_info_plus
      sha256: f69da0d3189a4b4ceaeb1a3defb0f329b3b352517f52bed4290f83d4f06bc08d
      url: "https://pub.dev"
    source: hosted
    version: "9.0.0"
  package_info_plus_platform_interface:
    dependency: transitive
    description:
      name: package_info_plus_platform_interface
      sha256: "202a487f08836a592a6bd4f901ac69b3a8f146af552bbd14407b6b41e1c3f086"
      url: "https://pub.dev"
    source: hosted
    version: "3.2.1"
  particle_field:
    dependency: "direct main"
    description:
      name: particle_field
      sha256: "9a5ebdde32751f82aba64198e9bbd46738e789e275bf9e7a88318ed460be560e"
      url: "https://pub.dev"
    source: hosted
    version: "1.0.0"
  path:
    dependency: transitive
    description:
      name: path
      sha256: "75cca69d1490965be98c73ceaea117e8a04dd21217b37b292c9ddbec0d955bc5"
      url: "https://pub.dev"
    source: hosted
    version: "1.9.1"
  path_parsing:
    dependency: transitive
    description:
      name: path_parsing
      sha256: "883402936929eac138ee0a45da5b0f2c80f89913e6dc3bf77eb65b84b409c6ca"
      url: "https://pub.dev"
    source: hosted
    version: "1.1.0"
  path_provider:
    dependency: "direct main"
    description:
      name: path_provider
      sha256: "50c5dd5b6e1aaf6fb3a78b33f6aa3afca52bf903a8a5298f53101fdaee55bbcd"
      url: "https://pub.dev"
    source: hosted
    version: "2.1.5"
  path_provider_android:
    dependency: transitive
    description:
      name: path_provider_android
      sha256: f2c65e21139ce2c3dad46922be8272bb5963516045659e71bb16e151c93b580e
      url: "https://pub.dev"
    source: hosted
    version: "2.2.22"
  path_provider_foundation:
    dependency: transitive
    description:
      name: path_provider_foundation
      sha256: "6d13aece7b3f5c5a9731eaf553ff9dcbc2eff41087fd2df587fd0fed9a3eb0c4"
      url: "https://pub.dev"
    source: hosted
    version: "2.5.1"
  path_provider_linux:
    dependency: transitive
    description:
      name: path_provider_linux
      sha256: f7a1fe3a634fe7734c8d3f2766ad746ae2a2884abe22e241a8b301bf5cac3279
      url: "https://pub.dev"
    source: hosted
    version: "2.2.1"
  path_provider_platform_interface:
    dependency: transitive
    description:
      name: path_provider_platform_interface
      sha256: "88f5779f72ba699763fa3a3b06aa4bf6de76c8e5de842cf6f29e2e06476c2334"
      url: "https://pub.dev"
    source: hosted
    version: "2.1.2"
  path_provider_windows:
    dependency: transitive
    description:
      name: path_provider_windows
      sha256: bd6f00dbd873bfb70d0761682da2b3a2c2fccc2b9e84c495821639601d81afe7
      url: "https://pub.dev"
    source: hosted
    version: "2.3.0"
  petitparser:
    dependency: transitive
    description:
      name: petitparser
      sha256: "1a97266a94f7350d30ae522c0af07890c70b8e62c71e8e3920d1db4d23c057d1"
      url: "https://pub.dev"
    source: hosted
    version: "7.0.1"
  platform:
    dependency: transitive
    description:
      name: platform
      sha256: "5d6b1b0036a5f331ebc77c850ebc8506cbc1e9416c27e59b439f917a902a4984"
      url: "https://pub.dev"
    source: hosted
    version: "3.1.6"
  plugin_platform_interface:
    dependency: transitive
    description:
      name: plugin_platform_interface
      sha256: "4820fbfdb9478b1ebae27888254d445073732dae3d6ea81f0b7e06d5dedc3f02"
      url: "https://pub.dev"
    source: hosted
    version: "2.1.8"
  pointer_interceptor:
    dependency: "direct main"
    description:
      name: pointer_interceptor
      sha256: "57210410680379aea8b1b7ed6ae0c3ad349bfd56fe845b8ea934a53344b9d523"
      url: "https://pub.dev"
    source: hosted
    version: "0.10.1+2"
  pointer_interceptor_ios:
    dependency: transitive
    description:
      name: pointer_interceptor_ios
      sha256: "03c5fa5896080963ab4917eeffda8d28c90f22863a496fb5ba13bc10943e40e4"
      url: "https://pub.dev"
    source: hosted
    version: "0.10.1+1"
  pointer_interceptor_platform_interface:
    dependency: transitive
    description:
      name: pointer_interceptor_platform_interface
      sha256: "0597b0560e14354baeb23f8375cd612e8bd4841bf8306ecb71fcd0bb78552506"
      url: "https://pub.dev"
    source: hosted
    version: "0.10.0+1"
  pointer_interceptor_web:
    dependency: transitive
    description:
      name: pointer_interceptor_web
      sha256: "460b600e71de6fcea2b3d5f662c92293c049c4319e27f0829310e5a953b3ee2a"
      url: "https://pub.dev"
    source: hosted
    version: "0.10.3"
  posix:
    dependency: transitive
    description:
      name: posix
      sha256: "6323a5b0fa688b6a010df4905a56b00181479e6d10534cecfecede2aa55add61"
      url: "https://pub.dev"
    source: hosted
    version: "6.0.3"
  provider:
    dependency: "direct main"
    description:
      name: provider
      sha256: "4e82183fa20e5ca25703ead7e05de9e4cceed1fbd1eadc1ac3cb6f565a09f272"
      url: "https://pub.dev"
    source: hosted
    version: "6.1.5+1"
  pub_semver:
    dependency: transitive
    description:
      name: pub_semver
      sha256: "5bfcf68ca79ef689f8990d1160781b4bad40a3bd5e5218ad4076ddb7f4081585"
      url: "https://pub.dev"
    source: hosted
    version: "2.2.0"
  pubspec_parse:
    dependency: transitive
    description:
      name: pubspec_parse
      sha256: "0560ba233314abbed0a48a2956f7f022cce7c3e1e73df540277da7544cad4082"
      url: "https://pub.dev"
    source: hosted
    version: "1.5.0"
  rnd:
    dependency: "direct main"
    description:
      name: rnd
      sha256: "87799a8c447da2e728096264b2cc13679a11af49f0504331f4d588986a371fcf"
      url: "https://pub.dev"
    source: hosted
    version: "0.2.0"
  sanitize_html:
    dependency: transitive
    description:
      name: sanitize_html
      sha256: "12669c4a913688a26555323fb9cec373d8f9fbe091f2d01c40c723b33caa8989"
      url: "https://pub.dev"
    source: hosted
    version: "2.1.0"
  shared_preferences:
    dependency: "direct main"
    description:
      name: shared_preferences
      sha256: "2939ae520c9024cb197fc20dee269cd8cdbf564c8b5746374ec6cacdc5169e64"
      url: "https://pub.dev"
    source: hosted
    version: "2.5.4"
  shared_preferences_android:
    dependency: transitive
    description:
      name: shared_preferences_android
      sha256: "83af5c682796c0f7719c2bbf74792d113e40ae97981b8f266fa84574573556bc"
      url: "https://pub.dev"
    source: hosted
    version: "2.4.18"
  shared_preferences_foundation:
    dependency: transitive
    description:
      name: shared_preferences_foundation
      sha256: "4e7eaffc2b17ba398759f1151415869a34771ba11ebbccd1b0145472a619a64f"
      url: "https://pub.dev"
    source: hosted
    version: "2.5.6"
  shared_preferences_linux:
    dependency: transitive
    description:
      name: shared_preferences_linux
      sha256: "580abfd40f415611503cae30adf626e6656dfb2f0cee8f465ece7b6defb40f2f"
      url: "https://pub.dev"
    source: hosted
    version: "2.4.1"
  shared_preferences_platform_interface:
    dependency: transitive
    description:
      name: shared_preferences_platform_interface
      sha256: "57cbf196c486bc2cf1f02b85784932c6094376284b3ad5779d1b1c6c6a816b80"
      url: "https://pub.dev"
    source: hosted
    version: "2.4.1"
  shared_preferences_web:
    dependency: transitive
    description:
      name: shared_preferences_web
      sha256: c49bd060261c9a3f0ff445892695d6212ff603ef3115edbb448509d407600019
      url: "https://pub.dev"
    source: hosted
    version: "2.4.3"
  shared_preferences_windows:
    dependency: transitive
    description:
      name: shared_preferences_windows
      sha256: "94ef0f72b2d71bc3e700e025db3710911bd51a71cefb65cc609dd0d9a982e3c1"
      url: "https://pub.dev"
    source: hosted
    version: "2.4.1"
  sized_context:
    dependency: "direct main"
    description:
      name: sized_context
      sha256: "9921e6c09e018132c3e1c6a18e14febbc1cc5c87a200d64ff7578cb49991f6e7"
      url: "https://pub.dev"
    source: hosted
    version: "1.0.0+4"
  sky_engine:
    dependency: transitive
    description: flutter
    source: sdk
    version: "0.0.0"
  smooth_page_indicator:
    dependency: "direct main"
    description:
      name: smooth_page_indicator
      sha256: "4b497e9898d095de40d246db943371183fa7482492a88391cfa8415ef94d57ba"
      url: "https://pub.dev"
    source: hosted
    version: "2.0.1"
  source_span:
    dependency: transitive
    description:
      name: source_span
      sha256: "254ee5351d6cb365c859e20ee823c3bb479bf4a293c22d17a9f1bf144ce86f7c"
      url: "https://pub.dev"
    source: hosted
    version: "1.10.1"
  stream_transform:
    dependency: transitive
    description:
      name: stream_transform
      sha256: ad47125e588cfd37a9a7f86c7d6356dde8dfe89d071d293f80ca9e9273a33871
      url: "https://pub.dev"
    source: hosted
    version: "2.1.1"
  string_scanner:
    dependency: transitive
    description:
      name: string_scanner
      sha256: "921cd31725b72fe181906c6a94d987c78e3b98c2e205b397ea399d4054872b43"
      url: "https://pub.dev"
    source: hosted
    version: "1.4.1"
  term_glyph:
    dependency: transitive
    description:
      name: term_glyph
      sha256: "7f554798625ea768a7518313e58f83891c7f5024f88e46e7182a4558850a4b8e"
      url: "https://pub.dev"
    source: hosted
    version: "1.2.2"
  typed_data:
    dependency: transitive
    description:
      name: typed_data
      sha256: f9049c039ebfeb4cf7a7104a675823cd72dba8297f264b6637062516699fa006
      url: "https://pub.dev"
    source: hosted
    version: "1.4.0"
  universal_io:
    dependency: transitive
    description:
      name: universal_io
      sha256: f63cbc48103236abf48e345e07a03ce5757ea86285ed313a6a032596ed9301e2
      url: "https://pub.dev"
    source: hosted
    version: "2.3.1"
  universal_platform:
    dependency: transitive
    description:
      name: universal_platform
      sha256: "64e16458a0ea9b99260ceb5467a214c1f298d647c659af1bff6d3bf82536b1ec"
      url: "https://pub.dev"
    source: hosted
    version: "1.1.0"
  unsplash_client:
    dependency: "direct main"
    description:
      name: unsplash_client
      sha256: "9beed22c0ce4a0166d7b85bda49be610ea6773d9df8613487febb7518f9bccb2"
      url: "https://pub.dev"
    source: hosted
    version: "3.0.0"
  url_launcher:
    dependency: "direct main"
    description:
      name: url_launcher
      sha256: f6a7e5c4835bb4e3026a04793a4199ca2d14c739ec378fdfe23fc8075d0439f8
      url: "https://pub.dev"
    source: hosted
    version: "6.3.2"
  url_launcher_android:
    dependency: transitive
    description:
      name: url_launcher_android
      sha256: "767344bf3063897b5cf0db830e94f904528e6dd50a6dfaf839f0abf509009611"
      url: "https://pub.dev"
    source: hosted
    version: "6.3.28"
  url_launcher_ios:
    dependency: transitive
    description:
      name: url_launcher_ios
      sha256: cfde38aa257dae62ffe79c87fab20165dfdf6988c1d31b58ebf59b9106062aad
      url: "https://pub.dev"
    source: hosted
    version: "6.3.6"
  url_launcher_linux:
    dependency: transitive
    description:
      name: url_launcher_linux
      sha256: d5e14138b3bc193a0f63c10a53c94b91d399df0512b1f29b94a043db7482384a
      url: "https://pub.dev"
    source: hosted
    version: "3.2.2"
  url_launcher_macos:
    dependency: transitive
    description:
      name: url_launcher_macos
      sha256: "368adf46f71ad3c21b8f06614adb38346f193f3a59ba8fe9a2fd74133070ba18"
      url: "https://pub.dev"
    source: hosted
    version: "3.2.5"
  url_launcher_platform_interface:
    dependency: transitive
    description:
      name: url_launcher_platform_interface
      sha256: "552f8a1e663569be95a8190206a38187b531910283c3e982193e4f2733f01029"
      url: "https://pub.dev"
    source: hosted
    version: "2.3.2"
  url_launcher_web:
    dependency: transitive
    description:
      name: url_launcher_web
      sha256: "4bd2b7b4dc4d4d0b94e5babfffbca8eac1a126c7f3d6ecbc1a11013faa3abba2"
      url: "https://pub.dev"
    source: hosted
    version: "2.4.1"
  url_launcher_windows:
    dependency: transitive
    description:
      name: url_launcher_windows
      sha256: "712c70ab1b99744ff066053cbe3e80c73332b38d46e5e945c98689b2e66fc15f"
      url: "https://pub.dev"
    source: hosted
    version: "3.1.5"
  vector_graphics:
    dependency: transitive
    description:
      name: vector_graphics
      sha256: a4f059dc26fc8295b5921376600a194c4ec7d55e72f2fe4c7d2831e103d461e6
      url: "https://pub.dev"
    source: hosted
    version: "1.1.19"
  vector_graphics_codec:
    dependency: transitive
    description:
      name: vector_graphics_codec
      sha256: "99fd9fbd34d9f9a32efd7b6a6aae14125d8237b10403b422a6a6dfeac2806146"
      url: "https://pub.dev"
    source: hosted
    version: "1.1.13"
  vector_graphics_compiler:
    dependency: transitive
    description:
      name: vector_graphics_compiler
      sha256: d354a7ec6931e6047785f4db12a1f61ec3d43b207fc0790f863818543f8ff0dc
      url: "https://pub.dev"
    source: hosted
    version: "1.1.19"
  vector_math:
    dependency: transitive
    description:
      name: vector_math
      sha256: d530bd74fea330e6e364cda7a85019c434070188383e1cd8d9777ee586914c5b
      url: "https://pub.dev"
    source: hosted
    version: "2.2.0"
  watcher:
    dependency: transitive
    description:
      name: watcher
      sha256: f52385d4f73589977c80797e60fe51014f7f2b957b5e9a62c3f6ada439889249
      url: "https://pub.dev"
    source: hosted
    version: "1.2.0"
  web:
    dependency: transitive
    description:
      name: web
      sha256: "868d88a33d8a87b18ffc05f9f030ba328ffefba92d6c127917a2ba740f9cfe4a"
      url: "https://pub.dev"
    source: hosted
    version: "1.1.1"
  webview_flutter:
    dependency: "direct main"
    description:
      name: webview_flutter
      sha256: c3e4fe614b1c814950ad07186007eff2f2e5dd2935eba7b9a9a1af8e5885f1ba
      url: "https://pub.dev"
    source: hosted
    version: "4.13.0"
  webview_flutter_android:
    dependency: transitive
    description:
      name: webview_flutter_android
      sha256: eeeb3fcd5f0ff9f8446c9f4bbc18a99b809e40297528a3395597d03aafb9f510
      url: "https://pub.dev"
    source: hosted
    version: "4.10.11"
  webview_flutter_platform_interface:
    dependency: transitive
    description:
      name: webview_flutter_platform_interface
      sha256: "63d26ee3aca7256a83ccb576a50272edd7cfc80573a4305caa98985feb493ee0"
      url: "https://pub.dev"
    source: hosted
    version: "2.14.0"
  webview_flutter_wkwebview:
    dependency: transitive
    description:
      name: webview_flutter_wkwebview
      sha256: e49f378ed066efb13fc36186bbe0bd2425630d4ea0dbc71a18fdd0e4d8ed8ebc
      url: "https://pub.dev"
    source: hosted
    version: "3.23.5"
  win32:
    dependency: transitive
    description:
      name: win32
      sha256: d7cb55e04cd34096cd3a79b3330245f54cb96a370a1c27adb3c84b917de8b08e
      url: "https://pub.dev"
    source: hosted
    version: "5.15.0"
  xdg_directories:
    dependency: transitive
    description:
      name: xdg_directories
      sha256: "7a3f37b05d989967cdddcbb571f1ea834867ae2faa29725fd085180e0883aa15"
      url: "https://pub.dev"
    source: hosted
    version: "1.1.0"
  xml:
    dependency: transitive
    description:
      name: xml
      sha256: "971043b3a0d3da28727e40ed3e0b5d18b742fa5a68665cca88e74b7876d5e025"
      url: "https://pub.dev"
    source: hosted
    version: "6.6.1"
  yaml:
    dependency: transitive
    description:
      name: yaml
      sha256: b9da305ac7c39faa3f030eccd175340f968459dae4af175130b3fc47e40d76ce
      url: "https://pub.dev"
    source: hosted
    version: "3.1.3"
  youtube_player_iframe:
    dependency: "direct main"
    description:
      name: youtube_player_iframe
      sha256: "6690da91591d14b32a6884eb6ae270ea4cc946a748d577d89d18cde565be689f"
      url: "https://pub.dev"
    source: hosted
    version: "5.2.2"
  youtube_player_iframe_web:
    dependency: transitive
    description:
      name: youtube_player_iframe_web
      sha256: "333901d008634f2ea67ef27aba8d597567e4ff45f393290b948a739654ab6dca"
      url: "https://pub.dev"
    source: hosted
    version: "3.1.2"
sdks:
  dart: ">=3.9.0 <4.0.0"
  flutter: ">=3.35.0"
